# Generated by pub
# See https://dart.dev/tools/pub/glossary#lockfile
packages:
  _fe_analyzer_shared:
    dependency: transitive
    description:
      name: _fe_analyzer_shared
      sha256: fe18c7e37d5acb3b43224fa255281dec007970d6fd01f6d76fcd88ed3777a117
      url: "https://pub.dev"
    source: hosted
    version: "107.0.0"
  analyzer:
    dependency: transitive
    description:
      name: analyzer
      sha256: f2dde9e50c23fc95b846b4ef334e98c3ae8c0effd5d2453b02fc9fb3f8939791
      url: "https://pub.dev"
    source: hosted
    version: "14.3.0"
  args:
    dependency: transitive
    description:
      name: args
      sha256: d0481093c50b1da8910eb0bb301626d4d8eb7284aa739614d2b394ee09e3ea04
      url: "https://pub.dev"
    source: hosted
    version: "2.7.0"
  async:
    dependency: transitive
    description:
      name: async
      sha256: e2eb0491ba5ddb6177742d2da23904574082139b07c1e33b8503b9f46f3e1a37
      url: "https://pub.dev"
    source: hosted
    version: "2.13.1"
  boolean_selector:
    dependency: transitive
    description:
      name: boolean_selector
      sha256: "8aab1771e1243a5063b8b0ff68042d67334e3feab9e95b9490f9a6ebf73b42ea"
      url: "https://pub.dev"
    source: hosted
    version: "2.1.2"
  change:
    dependency: transitive
    description:
      name: change
      sha256: "75b6e28073433946a987e6082d00f08676a8260a6aa68cac8594c10611e7e9b9"
      url: "https://pub.dev"
    source: hosted
    version: "0.7.2"
  characters:
    dependency: transitive
    description:
      name: characters
      sha256: faf38497bda5ead2a8c7615f4f7939df04333478bf32e4173fcb06d428b5716b
      url: "https://pub.dev"
    source: hosted
    version: "1.4.1"
  checked_yaml:
    dependency: transitive
    description:
      name: checked_yaml
      sha256: "959525d3162f249993882720d52b7e0c833978df229be20702b33d48d91de70f"
      url: "https://pub.dev"
    source: hosted
    version: "2.0.4"
  cider:
    dependency: transitive
    description:
      name: cider
      sha256: "27b9cd9526c70d6cd47299cd644cddaac8102e5f9783ef4bb440840743271883"
      url: "https://pub.dev"
    source: hosted
    version: "0.2.10"
  cli_config:
    dependency: transitive
    description:
      name: cli_config
      sha256: ac20a183a07002b700f0c25e61b7ee46b23c309d76ab7b7640a028f18e4d99ec
      url: "https://pub.dev"
    source: hosted
    version: "0.2.0"
  clock:
    dependency: transitive
    description:
      name: clock
      sha256: e51d50bca3217c9a9fa2b41a30e4a38971133f5f9ec7a3d57bae095007f1d28e
      url: "https://pub.dev"
    source: hosted
    version: "1.1.3"
  collection:
    dependency: transitive
    description:
      name: collection
      sha256: "2f5709ae4d3d59dd8f7cd309b4e023046b57d8a6c82130785d2b0e5868084e76"
      url: "https://pub.dev"
    source: hosted
    version: "1.19.1"
  colorize:
    dependency: transitive
    description:
      name: colorize
      sha256: "584746cd6ba1cba0633b6720f494fe6f9601c4170f0666c1579d2aa2a61071ba"
      url: "https://pub.dev"
    source: hosted
    version: "3.0.0"
  convert:
    dependency: transitive
    description:
      name: convert
      sha256: b30acd5944035672bc15c6b7a8b47d773e41e2f17de064350988c5d02adb1c68
      url: "https://pub.dev"
    source: hosted
    version: "3.1.2"
  coverage:
    dependency: transitive
    description:
      name: coverage
      sha256: "956a3de0725ca232ad353565a8290d3357592bf4250f6f298a185e2d949c5d3d"
      url: "https://pub.dev"
    source: hosted
    version: "1.15.1"
  crypto:
    dependency: transitive
    description:
      name: crypto
      sha256: c8ea0233063ba03258fbcf2ca4d6dadfefe14f02fab57702265467a19f27fadf
      url: "https://pub.dev"
    source: hosted
    version: "3.0.7"
  dart_console:
    dependency: transitive
    description:
      name: dart_console
      sha256: dfa4b63eb4382325ff975fdb6b7a0db8303bb5809ee5cb4516b44153844742ed
      url: "https://pub.dev"
    source: hosted
    version: "1.2.0"
  ffi:
    dependency: transitive
    description:
      name: ffi
      sha256: "6d7fd89431262d8f3125e81b50d3847a091d846eafcd4fdb88dd06f36d705a45"
      url: "https://pub.dev"
    source: hosted
    version: "2.2.0"
  file:
    dependency: transitive
    description:
      name: file
      sha256: a3b4f84adafef897088c160faf7dfffb7696046cb13ae90b508c2cbc95d3b8d4
      url: "https://pub.dev"
    source: hosted
    version: "7.0.1"
  frontend_server_client:
    dependency: transitive
    description:
      name: frontend_server_client
      sha256: f64a0333a82f30b0cca061bc3d143813a486dc086b574bfb233b7c1372427694
      url: "https://pub.dev"
    source: hosted
    version: "4.0.0"
  gg:
    dependency: "direct main"
    description:
      name: gg
      sha256: "6f4d14c86abad62349b6fdad05a9a216fda2c9e8a27f9400f9fab1b14c64c26c"
      url: "https://pub.dev"
    source: hosted
    version: "17.3.0"
  gg_args:
    dependency: transitive
    description:
      name: gg_args
      sha256: aa52bf0322fa315ea552e092a236394edd6ce403edc2cc29776d81bf787c8294
      url: "https://pub.dev"
    source: hosted
    version: "3.2.0"
  gg_capture_print:
    dependency: transitive
    description:
      name: gg_capture_print
      sha256: ba6a19c2d7aad636cb306e556ceddb5646ed37380d18ebe9e894586e3e42c5cf
      url: "https://pub.dev"
    source: hosted
    version: "1.1.0"
  gg_changelog:
    dependency: transitive
    description:
      name: gg_changelog
      sha256: e2c86807e4576b0865b1f18a140a4349ad367885f87ca7b0b82bc9e35ab61049
      url: "https://pub.dev"
    source: hosted
    version: "2.2.0"
  gg_console_colors:
    dependency: "direct dev"
    description:
      name: gg_console_colors
      sha256: "35d4607f068e726ddbdd3e1ca2db215aa6497bd01ef72eb626c620ce58cb1888"
      url: "https://pub.dev"
    source: hosted
    version: "2.4.0"
  gg_direct_json:
    dependency: transitive
    description:
      name: gg_direct_json
      sha256: "2307c941f1e2d4f1d63c7e795cb25fbb1af4e1b8163002e729a8beb1f909c654"
      url: "https://pub.dev"
    source: hosted
    version: "2.1.0"
  gg_git:
    dependency: transitive
    description:
      name: gg_git
      sha256: "53f9b59c9a366534d285e1a97cf43aa9635a90633ecf5f763097ba9b414a3c15"
      url: "https://pub.dev"
    source: hosted
    version: "4.3.0"
  gg_hash:
    dependency: transitive
    description:
      name: gg_hash
      sha256: abdfced31345e21f7bd105461db5544bf48c2ff288429e9dcd43fc693cfa2e28
      url: "https://pub.dev"
    source: hosted
    version: "1.3.0"
  gg_is_flutter:
    dependency: transitive
    description:
      name: gg_is_flutter
      sha256: "6017ad8c5b3051507ec49763c0849e4661bf9138b0e867e292057a337395474d"
      url: "https://pub.dev"
    source: hosted
    version: "2.2.0"
  gg_is_github:
    dependency: transitive
    description:
      name: gg_is_github
      sha256: b831382b1f05bb902185940f3c6000d6570c9508f287a539b4433d5e3b76d378
      url: "https://pub.dev"
    source: hosted
    version: "1.1.0"
  gg_json:
    dependency: transitive
    description:
      name: gg_json
      sha256: "8ad146167a287125173ca0116f76800b41ea0bbd6e946c16861256eba5fd3d18"
      url: "https://pub.dev"
    source: hosted
    version: "4.2.0"
  gg_lang:
    dependency: transitive
    description:
      name: gg_lang
      sha256: a6989325792f3de66c01a7728d0063104afd872bf2a2563714475b965bdf48d0
      url: "https://pub.dev"
    source: hosted
    version: "0.6.1"
  gg_local_package_dependencies:
    dependency: transitive
    description:
      name: gg_local_package_dependencies
      sha256: f9683a62caa8f923c90778642e16f3fb62ec627a5972f14b6b063de417c344b3
      url: "https://pub.dev"
    source: hosted
    version: "4.2.0"
  gg_localize_refs:
    dependency: transitive
    description:
      name: gg_localize_refs
      sha256: ca504edad6d7bb6277498a43464e6d88803a70984f4fd2b9194e315c38dd8238
      url: "https://pub.dev"
    source: hosted
    version: "4.4.0"
  gg_log:
    dependency: "direct main"
    description:
      name: gg_log
      sha256: dd0d9be07ff9b57e266771bb1cfd0f07f585019ccafe6543def6917a7acd7ae5
      url: "https://pub.dev"
    source: hosted
    version: "1.2.0"
  gg_merge:
    dependency: transitive
    description:
      name: gg_merge
      sha256: "4e91e5079d12fd4844eb6ccaf51a579f4327430e546d74bebafa85ca7afdb553"
      url: "https://pub.dev"
    source: hosted
    version: "3.5.0"
  gg_multi:
    dependency: transitive
    description:
      name: gg_multi
      sha256: "04ea0a2ece1f7ec5d42432688057897ce273db1a230a5b64c3a34660ec3c8a57"
      url: "https://pub.dev"
    source: hosted
    version: "10.2.0"
  gg_multi_commit:
    dependency: transitive
    description:
      name: gg_multi_commit
      sha256: "55d8baaa8ac4890f16e5aef1536edd0471a3b606535dbebbd0a15e161bc4b5a0"
      url: "https://pub.dev"
    source: hosted
    version: "4.2.0"
  gg_multi_core:
    dependency: transitive
    description:
      name: gg_multi_core
      sha256: d4f4392ad84bbe69daf187e97a2a568043187b1820e1b29846f1ec5731ab1311
      url: "https://pub.dev"
    source: hosted
    version: "4.2.0"
  gg_multi_do_publish:
    dependency: transitive
    description:
      name: gg_multi_do_publish
      sha256: b6809b6a38482c544e5f038c9545177e94cf969c286c306fe6277b9e476528f5
      url: "https://pub.dev"
    source: hosted
    version: "4.2.0"
  gg_multi_workspace:
    dependency: transitive
    description:
      name: gg_multi_workspace
      sha256: eac0559c00cc0a05e496e9968c348f36ebfcded34560f852a3c8ef41dc03ffea
      url: "https://pub.dev"
    source: hosted
    version: "4.2.0"
  gg_one:
    dependency: transitive
    description:
      name: gg_one
      sha256: "132f3109de693aae6c53d869d445654bf5d26b10b7cb74e487e7d823b491f30b"
      url: "https://pub.dev"
    source: hosted
    version: "14.4.0"
  gg_one_commit:
    dependency: transitive
    description:
      name: gg_one_commit
      sha256: "36ea5465566ba7e0a8826cbc6e6687f985854cdfa8808ecc070bd2c1666ffc88"
      url: "https://pub.dev"
    source: hosted
    version: "2.4.0"
  gg_one_core:
    dependency: transitive
    description:
      name: gg_one_core
      sha256: "1fb18e3fc1666711ff0b439d86d319e4595932c11192a3236c5ff915aa33f26b"
      url: "https://pub.dev"
    source: hosted
    version: "2.6.0"
  gg_one_do_publish:
    dependency: transitive
    description:
      name: gg_one_do_publish
      sha256: "1d4e0b2a50bab70006b09535470b07bb630c90044366074af9930ce0313eb7dc"
      url: "https://pub.dev"
    source: hosted
    version: "2.7.0"
  gg_one_merge:
    dependency: transitive
    description:
      name: gg_one_merge
      sha256: "9f1dca0e01f93a1422cf6d2f57c16640476b0eaf83326fc38006be0904708102"
      url: "https://pub.dev"
    source: hosted
    version: "2.6.0"
  gg_process:
    dependency: transitive
    description:
      name: gg_process
      sha256: e94a32b4cbbba4e100f0eaec66083d67814ef79d6c0a3a84e11d7c5456350427
      url: "https://pub.dev"
    source: hosted
    version: "1.2.0"
  gg_project_root:
    dependency: transitive
    description:
      name: gg_project_root
      sha256: a14189a00b2282ba5c0d0c84444a99b452ba44a65ef6a48fdc1833a97b5c64b5
      url: "https://pub.dev"
    source: hosted
    version: "2.2.0"
  gg_publish:
    dependency: transitive
    description:
      name: gg_publish
      sha256: "735205431f612bdb8b3d9843990d55c319f43fe2f2629d551de94e8e1556a07c"
      url: "https://pub.dev"
    source: hosted
    version: "4.5.0"
  gg_status_printer:
    dependency: transitive
    description:
      name: gg_status_printer
      sha256: bba3fe0c1a8e884a1cafeec5f72a5deccc5fdea3a21a603cbf780acccfd75f36
      url: "https://pub.dev"
    source: hosted
    version: "1.6.0"
  gg_test:
    dependency: transitive
    description:
      name: gg_test
      sha256: "05af36ae2c6f1ecc4ff5dfbe9a2a0c0e7baf8cc7c9512ee4c74d453d727041ce"
      url: "https://pub.dev"
    source: hosted
    version: "3.3.0"
  gg_version:
    dependency: transitive
    description:
      name: gg_version
      sha256: ab486538f8b26222bccb0cd33891e89cbc838eda2a62958a69a135c47310ab37
      url: "https://pub.dev"
    source: hosted
    version: "5.4.0"
  glob:
    dependency: transitive
    description:
      name: glob
      sha256: "218aeb56050c714f62a3182775320dfa04602b55074873e24e31bbd39bda96fb"
      url: "https://pub.dev"
    source: hosted
    version: "2.2.0"
  helix:
    dependency: "direct dev"
    description:
      name: helix
      sha256: "2df9e65b2d53b43d8ace85914eceeeb7f0f59350fb436e575b7bcfddda41405c"
      url: "https://pub.dev"
    source: hosted
    version: "1.3.0"
  http:
    dependency: transitive
    description:
      name: http
      sha256: "87721a4a50b19c7f1d49001e51409bddc46303966ce89a65af4f4e6004896412"
      url: "https://pub.dev"
    source: hosted
    version: "1.6.0"
  http_multi_server:
    dependency: transitive
    description:
      name: http_multi_server
      sha256: aa6199f908078bb1c5efb8d8638d4ae191aac11b311132c3ef48ce352fb52ef8
      url: "https://pub.dev"
    source: hosted
    version: "3.2.2"
  http_parser:
    dependency: transitive
    description:
      name: http_parser
      sha256: "178d74305e7866013777bab2c3d8726205dc5a4dd935297175b19a23a2e66571"
      url: "https://pub.dev"
    source: hosted
    version: "4.1.2"
  interact:
    dependency: transitive
    description:
      name: interact
      sha256: b1abf79334bec42e58496a054cb7ee7ca74da6181f6a1fb6b134f1aa22bc4080
      url: "https://pub.dev"
    source: hosted
    version: "2.2.0"
  intl:
    dependency: transitive
    description:
      name: intl
      sha256: "3bc132a9dbce73a7e4a21a17d06e1878839ffbf975568bc875c60537824b0c4d"
      url: "https://pub.dev"
    source: hosted
    version: "0.18.1"
  io:
    dependency: transitive
    description:
      name: io
      sha256: "2635216ca6a737e60de577ffa1a48a0bec76ca8a62917cfc1bb88c14c570646f"
      url: "https://pub.dev"
    source: hosted
    version: "1.1.0"
  json_annotation:
    dependency: transitive
    description:
      name: json_annotation
      sha256: "2a743920d81b7910627f68ee2c9ac1fc0bfee32b9fc3403587d7c6791ca12f80"
      url: "https://pub.dev"
    source: hosted
    version: "4.12.0"
  lints:
    dependency: "direct dev"
    description:
      name: lints
      sha256: "12f842a479589fea194fe5c5a3095abc7be0c1f2ddfa9a0e76aed1dbd26a87df"
      url: "https://pub.dev"
    source: hosted
    version: "6.1.0"
  logging:
    dependency: transitive
    description:
      name: logging
      sha256: c8245ada5f1717ed44271ed1c26b8ce85ca3228fd2ffdb75468ab01979309d61
      url: "https://pub.dev"
    source: hosted
    version: "1.3.0"
  markdown:
    dependency: transitive
    description:
      name: markdown
      sha256: ee85086ad7698b42522c6ad42fe195f1b9898e4d974a1af4576c1a3a176cada9
      url: "https://pub.dev"
    source: hosted
    version: "7.3.1"
  marker:
    dependency: transitive
    description:
      name: marker
      sha256: "3dadd01f3b0ffae148ffb3b1bc04290a98e54a465cddbab59727bd2a9fe57750"
      url: "https://pub.dev"
    source: hosted
    version: "0.6.0"
  matcher:
    dependency: transitive
    description:
      name: matcher
      sha256: "31bd099b47c10cd1aeb55146a2d46ce0277630ecef3f7dae54ad7873f36696cd"
      url: "https://pub.dev"
    source: hosted
    version: "0.12.20"
  meta:
    dependency: transitive
    description:
      name: meta
      sha256: "307249ce4ff29d58a18e97f6345f539382eb9c9c29ecda628900f31de0443dd9"
      url: "https://pub.dev"
    source: hosted
    version: "1.19.0"
  mime:
    dependency: transitive
    description:
      name: mime
      sha256: bd47de35f07e27267e69c8c8b22edf9473bfee170a60d60fcc93730c5144b7f6
      url: "https://pub.dev"
    source: hosted
    version: "2.1.0"
  mocktail:
    dependency: transitive
    description:
      name: mocktail
      sha256: "5e1bf53cc7baa8062a33b84424deb61513858ea05c601b8509e683815b5914aa"
      url: "https://pub.dev"
    source: hosted
    version: "1.0.5"
  node_preamble:
    dependency: transitive
    description:
      name: node_preamble
      sha256: "6e7eac89047ab8a8d26cf16127b5ed26de65209847630400f9aefd7cd5c730db"
      url: "https://pub.dev"
    source: hosted
    version: "2.0.2"
  package_config:
    dependency: transitive
    description:
      name: package_config
      sha256: ffcf4cf3d6c0b74ac43708d9f56625506e8a68aa935abe9d267a7330f320eb5d
      url: "https://pub.dev"
    source: hosted
    version: "3.0.0"
  path:
    dependency: transitive
    description:
      name: path
      sha256: "75cca69d1490965be98c73ceaea117e8a04dd21217b37b292c9ddbec0d955bc5"
      url: "https://pub.dev"
    source: hosted
    version: "1.9.1"
  pool:
    dependency: transitive
    description:
      name: pool
      sha256: "4177f68c237ea2128d1bee66ac17b2ce05ba3dbaafcbdd54c5d40a39d0b6b11c"
      url: "https://pub.dev"
    source: hosted
    version: "1.5.3"
  pub_semver:
    dependency: transitive
    description:
      name: pub_semver
      sha256: "261236774e8b1d69cfc6b9eabbc96c40f25e7a2d6b171f3385d4f65d5734fb24"
      url: "https://pub.dev"
    source: hosted
    version: "2.2.1"
  pubspec_parse:
    dependency: transitive
    description:
      name: pubspec_parse
      sha256: c38b81cbf34450b67e0265d73433569d12e34782e30ed769c9cc99c9d5f2e796
      url: "https://pub.dev"
    source: hosted
    version: "1.6.0"
  recase:
    dependency: transitive
    description:
      name: recase
      sha256: e4eb4ec2dcdee52dcf99cb4ceabaffc631d7424ee55e56f280bc039737f89213
      url: "https://pub.dev"
    source: hosted
    version: "4.1.0"
  rfc_6901:
    dependency: transitive
    description:
      name: rfc_6901
      sha256: "6a43b1858dca2febaf93e15639aa6b0c49ccdfd7647775f15a499f872b018154"
      url: "https://pub.dev"
    source: hosted
    version: "0.2.1"
  shelf:
    dependency: transitive
    description:
      name: shelf
      sha256: e7dd780a7ffb623c57850b33f43309312fc863fb6aa3d276a754bb299839ef12
      url: "https://pub.dev"
    source: hosted
    version: "1.4.2"
  shelf_packages_handler:
    dependency: transitive
    description:
      name: shelf_packages_handler
      sha256: "89f967eca29607c933ba9571d838be31d67f53f6e4ee15147d5dc2934fee1b1e"
      url: "https://pub.dev"
    source: hosted
    version: "3.0.2"
  shelf_static:
    dependency: transitive
    description:
      name: shelf_static
      sha256: c87c3875f91262785dade62d135760c2c69cb217ac759485334c5857ad89f6e3
      url: "https://pub.dev"
    source: hosted
    version: "1.1.3"
  shelf_web_socket:
    dependency: transitive
    description:
      name: shelf_web_socket
      sha256: "3632775c8e90d6c9712f883e633716432a27758216dfb61bd86a8321c0580925"
      url: "https://pub.dev"
    source: hosted
    version: "3.0.0"
  source_map_stack_trace:
    dependency: transitive
    description:
      name: source_map_stack_trace
      sha256: c0713a43e323c3302c2abe2a1cc89aa057a387101ebd280371d6a6c9fa68516b
      url: "https://pub.dev"
    source: hosted
    version: "2.1.2"
  source_maps:
    dependency: transitive
    description:
      name: source_maps
      sha256: "14c2945847669b44089bb1222f66873d7ff7103c58911917f2a63c5a62327898"
      url: "https://pub.dev"
    source: hosted
    version: "0.10.14"
  source_span:
    dependency: transitive
    description:
      name: source_span
      sha256: "56a02f1f4cd1a2d96303c0144c93bd6d909eea6bee6bf5a0e0b685edbd4c47ab"
      url: "https://pub.dev"
    source: hosted
    version: "1.10.2"
  stack_trace:
    dependency: transitive
    description:
      name: stack_trace
      sha256: "277654b3034d17ac6f9f1cb5595db011b1d5d41e8806866db28e0abaa101c490"
      url: "https://pub.dev"
    source: hosted
    version: "1.12.2"
  stream_channel:
    dependency: transitive
    description:
      name: stream_channel
      sha256: "969e04c80b8bcdf826f8f16579c7b14d780458bd97f56d107d3950fdbeef059d"
      url: "https://pub.dev"
    source: hosted
    version: "2.1.4"
  string_scanner:
    dependency: transitive
    description:
      name: string_scanner
      sha256: "921cd31725b72fe181906c6a94d987c78e3b98c2e205b397ea399d4054872b43"
      url: "https://pub.dev"
    source: hosted
    version: "1.4.1"
  term_glyph:
    dependency: transitive
    description:
      name: term_glyph
      sha256: "7f554798625ea768a7518313e58f83891c7f5024f88e46e7182a4558850a4b8e"
      url: "https://pub.dev"
    source: hosted
    version: "1.2.2"
  test:
    dependency: "direct dev"
    description:
      name: test
      sha256: "0d5ba5602ec3baa28c8ce365e1efc5575969c765f45c554a3e167dc7945b9c30"
      url: "https://pub.dev"
    source: hosted
    version: "1.31.2"
  test_api:
    dependency: transitive
    description:
      name: test_api
      sha256: "475610b2aa23c19687cce2961e44b0cc57cafe220f67c2b80201231b2a07fbe7"
      url: "https://pub.dev"
    source: hosted
    version: "0.7.13"
  test_core:
    dependency: transitive
    description:
      name: test_core
      sha256: a39c204a4fc7a7ccb04a2b985e359fda3cc37e45e0b8ac61c3fb1a05aa832132
      url: "https://pub.dev"
    source: hosted
    version: "0.6.19"
  tint:
    dependency: transitive
    description:
      name: tint
      sha256: "9652d9a589f4536d5e392cf790263d120474f15da3cf1bee7f1fdb31b4de5f46"
      url: "https://pub.dev"
    source: hosted
    version: "2.0.1"
  typed_data:
    dependency: transitive
    description:
      name: typed_data
      sha256: f9049c039ebfeb4cf7a7104a675823cd72dba8297f264b6637062516699fa006
      url: "https://pub.dev"
    source: hosted
    version: "1.4.0"
  version_manipulation:
    dependency: transitive
    description:
      name: version_manipulation
      sha256: e90782d610bde19765d2808ec06bc8ed9e04640a4dd07d1a3d370728ce9dae7f
      url: "https://pub.dev"
    source: hosted
    version: "0.2.0"
  vm_service:
    dependency: transitive
    description:
      name: vm_service
      sha256: "5f37239c4851efcef929cea7824e76df7f2f0970aef85d66bbc430afa40e72f0"
      url: "https://pub.dev"
    source: hosted
    version: "15.3.0"
  watcher:
    dependency: transitive
    description:
      name: watcher
      sha256: "1398c9f081a753f9226febe8900fce8f7d0a67163334e1c94a2438339d79d635"
      url: "https://pub.dev"
    source: hosted
    version: "1.2.1"
  web:
    dependency: "direct main"
    description:
      name: web
      sha256: "868d88a33d8a87b18ffc05f9f030ba328ffefba92d6c127917a2ba740f9cfe4a"
      url: "https://pub.dev"
    source: hosted
    version: "1.1.1"
  web_socket:
    dependency: transitive
    description:
      name: web_socket
      sha256: "34d64019aa8e36bf9842ac014bb5d2f5586ca73df5e4d9bf5c936975cae6982c"
      url: "https://pub.dev"
    source: hosted
    version: "1.0.1"
  web_socket_channel:
    dependency: transitive
    description:
      name: web_socket_channel
      sha256: d645757fb0f4773d602444000a8131ff5d48c9e47adfe9772652dd1a4f2d45c8
      url: "https://pub.dev"
    source: hosted
    version: "3.0.3"
  webkit_inspection_protocol:
    dependency: transitive
    description:
      name: webkit_inspection_protocol
      sha256: "87d3f2333bb240704cd3f1c6b5b7acd8a10e7f0bc28c28dcf14e782014f4a572"
      url: "https://pub.dev"
    source: hosted
    version: "1.2.1"
  win32:
    dependency: transitive
    description:
      name: win32
      sha256: d7cb55e04cd34096cd3a79b3330245f54cb96a370a1c27adb3c84b917de8b08e
      url: "https://pub.dev"
    source: hosted
    version: "5.15.0"
  yaml:
    dependency: transitive
    description:
      name: yaml
      sha256: f67cdd8e07d3c6329146aaef1ba043542b3134c12489f553ca9a7435d1068aea
      url: "https://pub.dev"
    source: hosted
    version: "3.1.4"
  yaml_edit:
    dependency: transitive
    description:
      name: yaml_edit
      sha256: "07c9e63ba42519745182b88ca12264a7ba2484d8239958778dfe4d44fe760488"
      url: "https://pub.dev"
    source: hosted
    version: "2.2.4"
sdks:
  dart: ">=3.13.0 <4.0.0"
